
Microsoft Visual Studio Solution File, Format Version 12.00
# Visual Studio Version 17
VisualStudioVersion = 17.3.32929.385
MinimumVisualStudioVersion = 10.0.40219.1
Project("{FAE04EC0-301F-11D3-BF4B-00C04F79EFBC}") = "ECommerce", "ECommerce\ECommerce.csproj", "{12D99035-65AE-467A-8D90-A5E4993BB05B}"
EndProject
Global
	GlobalSection(SolutionConfigurationPlatforms) = preSolution
		Debug|Any CPU = Debug|Any CPU
		Release|Any CPU = Release|Any CPU
	EndGlobalSection
	GlobalSection(ProjectConfigurationPlatforms) = postSolution
		{12D99035-65AE-467A-8D90-A5E4993BB05B}.Debug|Any CPU.ActiveCfg = Debug|Any CPU
		{12D99035-65AE-467A-8D90-A5E4993BB05B}.Debug|Any CPU.Build.0 = Debug|Any CPU
		{12D99035-65AE-467A-8D90-A5E4993BB05B}.Release|Any CPU.ActiveCfg = Release|Any CPU
		{12D99035-65AE-467A-8D90-A5E4993BB05B}.Release|Any CPU.Build.0 = Release|Any CPU
	EndGlobalSection
	GlobalSection(SolutionProperties) = preSolution
		HideSolutionNode = FALSE
	EndGlobalSection
	GlobalSection(ExtensibilityGlobals) = postSolution
		SolutionGuid = {4AC164E9-7F73-4F58-BE63-76A29CE20F4D}
	EndGlobalSection
EndGlobal
